# This file was autogenerated by Stack.
# You should not edit this file by hand.
# For more information, please see the documentation at:
#   https://docs.haskellstack.org/en/stable/lock_files

packages:
- completed:
    hackage: term-rewriting-0.4.0.2@sha256:5412f6aa29c5756634ee30e8df923c83ab9f012a4b8797c460af3d7078466764,2740
    pantry-tree:
      sha256: 15a74c023b9caebbea2bda44141a060e78d46673c5768101c14fcd332c2408a0
      size: 3012
  original:
    hackage: term-rewriting-0.4.0.2
snapshots:
- completed:
    sha256: 17870c63f8041ac17a38096124abeb953cb14d84bfc96deb88f9b24daa97b347
    size: 649332
    url: https://raw.githubusercontent.com/commercialhaskell/stackage-snapshots/master/lts/20/10.yaml
  original:
    url: https://raw.githubusercontent.com/commercialhaskell/stackage-snapshots/master/lts/20/10.yaml
