# This file was autogenerated by Stack.
# You should not edit this file by hand.
# For more information, please see the documentation at:
#   https://docs.haskellstack.org/en/stable/lock_files

packages:
- completed:
    hackage: term-rewriting-0.4.0.2@sha256:5412f6aa29c5756634ee30e8df923c83ab9f012a4b8797c460af3d7078466764,2740
    pantry-tree:
      sha256: 15a74c023b9caebbea2bda44141a060e78d46673c5768101c14fcd332c2408a0
      size: 3012
  original:
    hackage: term-rewriting-0.4.0.2
- completed:
    hackage: union-find-array-0.1.0.3@sha256:242e066ec516d61f262947e5794edc7bbc11fd538a0415c03ac0c01b028cfa8a,1372
    pantry-tree:
      sha256: 1c53fba1445e9dde2d72979a049438213c0c500e40189c76818314600fb9d875
      size: 482
  original:
    hackage: union-find-array-0.1.0.3
- completed:
    hackage: prettyprinter-1.7.1@sha256:9c43c9d8c3cd9f445596e5a2379574bba87f935a4d1fa41b5407ee3cf4edc743,6987
    pantry-tree:
      sha256: cd6f393bf7cba603a1958a139915fc343efd5488e36fd7b3b5c6956c002d04fa
      size: 3460
  original:
    hackage: prettyprinter-1.7.1
- completed:
    hackage: parsec-3.1.16.1@sha256:5769242043b01bf759b07b7efedcb19607837ee79015fcddde34645664136aed,4691
    pantry-tree:
      sha256: aee875443fc603500dcfcb5bea5c116ebcb990037abcf17e8d7020e493a51476
      size: 2698
  original:
    hackage: parsec-3.1.16.1
- completed:
    hackage: mtl-2.2.2@sha256:1050fb71acd9f5d67da7d992583f5bd0eb14407b9dc7acc122af1b738b706ca3,2261
    pantry-tree:
      sha256: b8bdc2259e2f943a7252fb164805666fe108ac959d398e0af27b43ba2ebc241c
      size: 1713
  original:
    hackage: mtl-2.2.2
snapshots:
- completed:
    sha256: 17870c63f8041ac17a38096124abeb953cb14d84bfc96deb88f9b24daa97b347
    size: 649332
    url: https://raw.githubusercontent.com/commercialhaskell/stackage-snapshots/master/lts/20/10.yaml
  original: lts-20.10
